
Microsoft Visual Studio Solution File, Format Version 12.00
# Visual Studio Version 16
VisualStudioVersion = 16.0.29728.190
MinimumVisualStudioVersion = 10.0.40219.1
Project("{2150E333-8FDC-42A3-9474-1A3956D46DE8}") = "Client", "Client", "{A0E00304-41BD-428C-9231-D1C1286CBFEA}"
EndProject
Project("{9A19103F-16F7-4668-BE54-9A1E7A4F7556}") = "SampleAvaloniaApplication.Common", "SampleAvaloniaApplication.Common\SampleAvaloniaApplication.Common.csproj", "{73DD1758-2BB0-4C6C-8104-4FF2150253E8}"
EndProject
Project("{9A19103F-16F7-4668-BE54-9A1E7A4F7556}") = "SampleAvaloniaApplication.Client.Core.Data", "Client\SampleAvaloniaApplication.Client.Core.Data\SampleAvaloniaApplication.Client.Core.Data.csproj", "{D3BA49D2-C983-4C5B-AAA2-282025DB546C}"
EndProject
Project("{9A19103F-16F7-4668-BE54-9A1E7A4F7556}") = "SampleAvaloniaApplication.Client.Core", "Client\SampleAvaloniaApplication.Client.Core\SampleAvaloniaApplication.Client.Core.csproj", "{4BF3C1E8-0A33-45B8-B54F-8009CBD35C4E}"
EndProject
Project("{9A19103F-16F7-4668-BE54-9A1E7A4F7556}") = "SampleAvaloniaApplication.Client", "Client\SampleAvaloniaApplication.Client\SampleAvaloniaApplication.Client.csproj", "{7AF296F5-1156-45DB-9B8F-69BA4A471727}"
EndProject
Global
	GlobalSection(SolutionConfigurationPlatforms) = preSolution
		Debug|Any CPU = Debug|Any CPU
		Release|Any CPU = Release|Any CPU
	EndGlobalSection
	GlobalSection(ProjectConfigurationPlatforms) = postSolution
		{73DD1758-2BB0-4C6C-8104-4FF2150253E8}.Debug|Any CPU.ActiveCfg = Debug|Any CPU
		{73DD1758-2BB0-4C6C-8104-4FF2150253E8}.Debug|Any CPU.Build.0 = Debug|Any CPU
		{73DD1758-2BB0-4C6C-8104-4FF2150253E8}.Release|Any CPU.ActiveCfg = Release|Any CPU
		{73DD1758-2BB0-4C6C-8104-4FF2150253E8}.Release|Any CPU.Build.0 = Release|Any CPU
		{D3BA49D2-C983-4C5B-AAA2-282025DB546C}.Debug|Any CPU.ActiveCfg = Debug|Any CPU
		{D3BA49D2-C983-4C5B-AAA2-282025DB546C}.Debug|Any CPU.Build.0 = Debug|Any CPU
		{D3BA49D2-C983-4C5B-AAA2-282025DB546C}.Release|Any CPU.ActiveCfg = Release|Any CPU
		{D3BA49D2-C983-4C5B-AAA2-282025DB546C}.Release|Any CPU.Build.0 = Release|Any CPU
		{4BF3C1E8-0A33-45B8-B54F-8009CBD35C4E}.Debug|Any CPU.ActiveCfg = Debug|Any CPU
		{4BF3C1E8-0A33-45B8-B54F-8009CBD35C4E}.Debug|Any CPU.Build.0 = Debug|Any CPU
		{4BF3C1E8-0A33-45B8-B54F-8009CBD35C4E}.Release|Any CPU.ActiveCfg = Release|Any CPU
		{4BF3C1E8-0A33-45B8-B54F-8009CBD35C4E}.Release|Any CPU.Build.0 = Release|Any CPU
		{7AF296F5-1156-45DB-9B8F-69BA4A471727}.Debug|Any CPU.ActiveCfg = Debug|Any CPU
		{7AF296F5-1156-45DB-9B8F-69BA4A471727}.Debug|Any CPU.Build.0 = Debug|Any CPU
		{7AF296F5-1156-45DB-9B8F-69BA4A471727}.Release|Any CPU.ActiveCfg = Release|Any CPU
		{7AF296F5-1156-45DB-9B8F-69BA4A471727}.Release|Any CPU.Build.0 = Release|Any CPU
	EndGlobalSection
	GlobalSection(SolutionProperties) = preSolution
		HideSolutionNode = FALSE
	EndGlobalSection
	GlobalSection(NestedProjects) = preSolution
		{D3BA49D2-C983-4C5B-AAA2-282025DB546C} = {A0E00304-41BD-428C-9231-D1C1286CBFEA}
		{4BF3C1E8-0A33-45B8-B54F-8009CBD35C4E} = {A0E00304-41BD-428C-9231-D1C1286CBFEA}
		{7AF296F5-1156-45DB-9B8F-69BA4A471727} = {A0E00304-41BD-428C-9231-D1C1286CBFEA}
	EndGlobalSection
	GlobalSection(ExtensibilityGlobals) = postSolution
		SolutionGuid = {4D90A875-7748-4B10-B533-2570C26A8034}
	EndGlobalSection
EndGlobal
